
Microsoft Visual Studio Solution File, Format Version 12.00
# Visual Studio Version 17
VisualStudioVersion = 17.5.002.0
MinimumVisualStudioVersion = 10.0.40219.1
Project("{9A19103F-16F7-4668-BE54-9A1E7A4F7556}") = "CommandService", "CommandService.csproj", "{B89F194F-0404-47C8-AC99-E1207AB00D9A}"
EndProject
Global
	GlobalSection(SolutionConfigurationPlatforms) = preSolution
		Debug|Any CPU = Debug|Any CPU
		Release|Any CPU = Release|Any CPU
	EndGlobalSection
	GlobalSection(ProjectConfigurationPlatforms) = postSolution
		{B89F194F-0404-47C8-AC99-E1207AB00D9A}.Debug|Any CPU.ActiveCfg = Debug|Any CPU
		{B89F194F-0404-47C8-AC99-E1207AB00D9A}.Debug|Any CPU.Build.0 = Debug|Any CPU
		{B89F194F-0404-47C8-AC99-E1207AB00D9A}.Release|Any CPU.ActiveCfg = Release|Any CPU
		{B89F194F-0404-47C8-AC99-E1207AB00D9A}.Release|Any CPU.Build.0 = Release|Any CPU
	EndGlobalSection
	GlobalSection(SolutionProperties) = preSolution
		HideSolutionNode = FALSE
	EndGlobalSection
	GlobalSection(ExtensibilityGlobals) = postSolution
		SolutionGuid = {1402097B-6BB5-4C78-B21C-2C6E869B1A87}
	EndGlobalSection
EndGlobal
